// !$*UTF8*$!
{
	archiveVersion = 1;
	classes = {
	};
	objectVersion = 50;
	objects = {

/* Begin PBXBuildFile section */
		1B8C948EDEA7DC92D4758E19 /* libPods-collectionview.a in Frameworks */ = {isa = PBXBuildFile; fileRef = CB4A77E1A311C4128C89E462 /* libPods-collectionview.a */; };
		6550ED272324998800E975D6 /* AppDelegate.m in Sources */ = {isa = PBXBuildFile; fileRef = 6550ED262324998800E975D6 /* AppDelegate.m */; };
		6550ED2A2324998800E975D6 /* ViewController.m in Sources */ = {isa = PBXBuildFile; fileRef = 6550ED292324998800E975D6 /* ViewController.m */; };
		6550ED2D2324998800E975D6 /* Main.storyboard in Resources */ = {isa = PBXBuildFile; fileRef = 6550ED2B2324998800E975D6 /* Main.storyboard */; };
		6550ED2F2324998800E975D6 /* Assets.xcassets in Resources */ = {isa = PBXBuildFile; fileRef = 6550ED2E2324998800E975D6 /* Assets.xcassets */; };
		6550ED322324998800E975D6 /* LaunchScreen.storyboard in Resources */ = {isa = PBXBuildFile; fileRef = 6550ED302324998800E975D6 /* LaunchScreen.storyboard */; };
		6550ED352324998800E975D6 /* main.m in Sources */ = {isa = PBXBuildFile; fileRef = 6550ED342324998800E975D6 /* main.m */; };
		6550ED3F2324998900E975D6 /* collectionviewTests.m in Sources */ = {isa = PBXBuildFile; fileRef = 6550ED3E2324998900E975D6 /* collectionviewTests.m */; };
		6550ED4A2324998900E975D6 /* collectionviewUITests.m in Sources */ = {isa = PBXBuildFile; fileRef = 6550ED492324998900E975D6 /* collectionviewUITests.m */; };
		6550ED5823249A2400E975D6 /* 001.jpg in Resources */ = {isa = PBXBuildFile; fileRef = 6550ED5723249A2400E975D6 /* 001.jpg */; };
		6550ED5A2324ABB400E975D6 /* apps.plist in Resources */ = {isa = PBXBuildFile; fileRef = 6550ED592324ABB400E975D6 /* apps.plist */; };
		6550ED5D2324ACF200E975D6 /* Model.m in Sources */ = {isa = PBXBuildFile; fileRef = 6550ED5C2324ACF200E975D6 /* Model.m */; };
		6550ED762324DC0300E975D6 /* MyCollectionViewCell.m in Sources */ = {isa = PBXBuildFile; fileRef = 6550ED752324DC0300E975D6 /* MyCollectionViewCell.m */; };
/* End PBXBuildFile section */

/* Begin PBXContainerItemProxy section */
		6550ED3B2324998900E975D6 /* PBXContainerItemProxy */ = {
			isa = PBXContainerItemProxy;
			containerPortal = 6550ED1A2324998800E975D6 /* Project object */;
			proxyType = 1;
			remoteGlobalIDString = 6550ED212324998800E975D6;
			remoteInfo = collectionview;
		};
		6550ED462324998900E975D6 /* PBXContainerItemProxy */ = {
			isa = PBXContainerItemProxy;
			containerPortal = 6550ED1A2324998800E975D6 /* Project object */;
			proxyType = 1;
			remoteGlobalIDString = 6550ED212324998800E975D6;
			remoteInfo = collectionview;
		};
/* End PBXContainerItemProxy section */

/* Begin PBXFileReference section */
		6550ED222324998800E975D6 /* collectionview.app */ = {isa = PBXFileReference; explicitFileType = wrapper.application; includeInIndex = 0; path = collectionview.app; sourceTree = BUILT_PRODUCTS_DIR; };
		6550ED252324998800E975D6 /* AppDelegate.h */ = {isa = PBXFileReference; lastKnownFileType = sourcecode.c.h; path = AppDelegate.h; sourceTree = "<group>"; };
		6550ED262324998800E975D6 /* AppDelegate.m */ = {isa = PBXFileReference; lastKnownFileType = sourcecode.c.objc; path = AppDelegate.m; sourceTree = "<group>"; };
		6550ED282324998800E975D6 /* ViewController.h */ = {isa = PBXFileReference; lastKnownFileType = sourcecode.c.h; path = ViewController.h; sourceTree = "<group>"; };
		6550ED292324998800E975D6 /* ViewController.m */ = {isa = PBXFileReference; lastKnownFileType = sourcecode.c.objc; path = ViewController.m; sourceTree = "<group>"; };
		6550ED2C2324998800E975D6 /* Base */ = {isa = PBXFileReference; lastKnownFileType = file.storyboard; name = Base; path = Base.lproj/Main.storyboard; sourceTree = "<group>"; };
		6550ED2E2324998800E975D6 /* Assets.xcassets */ = {isa = PBXFileReference; lastKnownFileType = folder.assetcatalog; path = Assets.xcassets; sourceTree = "<group>"; };
		6550ED312324998800E975D6 /* Base */ = {isa = PBXFileReference; lastKnownFileType = file.storyboard; name = Base; path = Base.lproj/LaunchScreen.storyboard; sourceTree = "<group>"; };
		6550ED332324998800E975D6 /* Info.plist */ = {isa = PBXFileReference; lastKnownFileType = text.plist.xml; path = Info.plist; sourceTree = "<group>"; };
		6550ED342324998800E975D6 /* main.m */ = {isa = PBXFileReference; lastKnownFileType = sourcecode.c.objc; path = main.m; sourceTree = "<group>"; };
		6550ED3A2324998900E975D6 /* collectionviewTests.xctest */ = {isa = PBXFileReference; explicitFileType = wrapper.cfbundle; includeInIndex = 0; path = collectionviewTests.xctest; sourceTree = BUILT_PRODUCTS_DIR; };
		6550ED3E2324998900E975D6 /* collectionviewTests.m */ = {isa = PBXFileReference; lastKnownFileType = sourcecode.c.objc; path = collectionviewTests.m; sourceTree = "<group>"; };
		6550ED402324998900E975D6 /* Info.plist */ = {isa = PBXFileReference; lastKnownFileType = text.plist.xml; path = Info.plist; sourceTree = "<group>"; };
		6550ED452324998900E975D6 /* collectionviewUITests.xctest */ = {isa = PBXFileReference; explicitFileType = wrapper.cfbundle; includeInIndex = 0; path = collectionviewUITests.xctest; sourceTree = BUILT_PRODUCTS_DIR; };
		6550ED492324998900E975D6 /* collectionviewUITests.m */ = {isa = PBXFileReference; lastKnownFileType = sourcecode.c.objc; path = collectionviewUITests.m; sourceTree = "<group>"; };
		6550ED4B2324998900E975D6 /* Info.plist */ = {isa = PBXFileReference; lastKnownFileType = text.plist.xml; path = Info.plist; sourceTree = "<group>"; };
		6550ED5723249A2400E975D6 /* 001.jpg */ = {isa = PBXFileReference; lastKnownFileType = image.jpeg; path = 001.jpg; sourceTree = "<group>"; };
		6550ED592324ABB400E975D6 /* apps.plist */ = {isa = PBXFileReference; fileEncoding = 4; lastKnownFileType = text.plist.xml; path = apps.plist; sourceTree = "<group>"; };
		6550ED5B2324ACF200E975D6 /* Model.h */ = {isa = PBXFileReference; lastKnownFileType = sourcecode.c.h; path = Model.h; sourceTree = "<group>"; };
		6550ED5C2324ACF200E975D6 /* Model.m */ = {isa = PBXFileReference; lastKnownFileType = sourcecode.c.objc; path = Model.m; sourceTree = "<group>"; };
		6550ED742324DC0300E975D6 /* MyCollectionViewCell.h */ = {isa = PBXFileReference; lastKnownFileType = sourcecode.c.h; path = MyCollectionViewCell.h; sourceTree = "<group>"; };
		6550ED752324DC0300E975D6 /* MyCollectionViewCell.m */ = {isa = PBXFileReference; lastKnownFileType = sourcecode.c.objc; path = MyCollectionViewCell.m; sourceTree = "<group>"; };
		8A42B9C393D1A862D0C18C30 /* Pods-collectionview.debug.xcconfig */ = {isa = PBXFileReference; includeInIndex = 1; lastKnownFileType = text.xcconfig; name = "Pods-collectionview.debug.xcconfig"; path = "Target Support Files/Pods-collectionview/Pods-collectionview.debug.xcconfig"; sourceTree = "<group>"; };
		B1C7F4495D3AD9B954654BBA /* Pods-collectionview.release.xcconfig */ = {isa = PBXFileReference; includeInIndex = 1; lastKnownFileType = text.xcconfig; name = "Pods-collectionview.release.xcconfig"; path = "Target Support Files/Pods-collectionview/Pods-collectionview.release.xcconfig"; sourceTree = "<group>"; };
		CB4A77E1A311C4128C89E462 /* libPods-collectionview.a */ = {isa = PBXFileReference; explicitFileType = archive.ar; includeInIndex = 0; path = "libPods-collectionview.a"; sourceTree = BUILT_PRODUCTS_DIR; };
/* End PBXFileReference section */

/* Begin PBXFrameworksBuildPhase section */
		6550ED1F2324998800E975D6 /* Frameworks */ = {
			isa = PBXFrameworksBuildPhase;
			buildActionMask = 2147483647;
			files = (
				1B8C948EDEA7DC92D4758E19 /* libPods-collectionview.a in Frameworks */,
			);
			runOnlyForDeploymentPostprocessing = 0;
		};
		6550ED372324998900E975D6 /* Frameworks */ = {
			isa = PBXFrameworksBuildPhase;
			buildActionMask = 2147483647;
			files = (
			);
			runOnlyForDeploymentPostprocessing = 0;
		};
		6550ED422324998900E975D6 /* Frameworks */ = {
			isa = PBXFrameworksBuildPhase;
			buildActionMask = 2147483647;
			files = (
			);
			runOnlyForDeploymentPostprocessing = 0;
		};
/* End PBXFrameworksBuildPhase section */

/* Begin PBXGroup section */
		43C5F325DFADDF4504FB33A9 /* Pods */ = {
			isa = PBXGroup;
			children = (
				8A42B9C393D1A862D0C18C30 /* Pods-collectionview.debug.xcconfig */,
				B1C7F4495D3AD9B954654BBA /* Pods-collectionview.release.xcconfig */,
			);
			path = Pods;
			sourceTree = "<group>";
		};
		6550ED192324998800E975D6 = {
			isa = PBXGroup;
			children = (
				6550ED242324998800E975D6 /* collectionview */,
				6550ED3D2324998900E975D6 /* collectionviewTests */,
				6550ED482324998900E975D6 /* collectionviewUITests */,
				6550ED232324998800E975D6 /* Products */,
				43C5F325DFADDF4504FB33A9 /* Pods */,
				6B0E64607A393EBFD5BD41AC /* Frameworks */,
			);
			sourceTree = "<group>";
		};
		6550ED232324998800E975D6 /* Products */ = {
			isa = PBXGroup;
			children = (
				6550ED222324998800E975D6 /* collectionview.app */,
				6550ED3A2324998900E975D6 /* collectionviewTests.xctest */,
				6550ED452324998900E975D6 /* collectionviewUITests.xctest */,
			);
			name = Products;
			sourceTree = "<group>";
		};
		6550ED242324998800E975D6 /* collectionview */ = {
			isa = PBXGroup;
			children = (
				6550ED252324998800E975D6 /* AppDelegate.h */,
				6550ED262324998800E975D6 /* AppDelegate.m */,
				6550ED282324998800E975D6 /* ViewController.h */,
				6550ED292324998800E975D6 /* ViewController.m */,
				6550ED2B2324998800E975D6 /* Main.storyboard */,
				6550ED5B2324ACF200E975D6 /* Model.h */,
				6550ED5C2324ACF200E975D6 /* Model.m */,
				6550ED742324DC0300E975D6 /* MyCollectionViewCell.h */,
				6550ED752324DC0300E975D6 /* MyCollectionViewCell.m */,
				6550ED2E2324998800E975D6 /* Assets.xcassets */,
				6550ED5723249A2400E975D6 /* 001.jpg */,
				6550ED592324ABB400E975D6 /* apps.plist */,
				6550ED302324998800E975D6 /* LaunchScreen.storyboard */,
				6550ED332324998800E975D6 /* Info.plist */,
				6550ED342324998800E975D6 /* main.m */,
			);
			path = collectionview;
			sourceTree = "<group>";
		};
		6550ED3D2324998900E975D6 /* collectionviewTests */ = {
			isa = PBXGroup;
			children = (
				6550ED3E2324998900E975D6 /* collectionviewTests.m */,
				6550ED402324998900E975D6 /* Info.plist */,
			);
			path = collectionviewTests;
			sourceTree = "<group>";
		};
		6550ED482324998900E975D6 /* collectionviewUITests */ = {
			isa = PBXGroup;
			children = (
				6550ED492324998900E975D6 /* collectionviewUITests.m */,
				6550ED4B2324998900E975D6 /* Info.plist */,
			);
			path = collectionviewUITests;
			sourceTree = "<group>";
		};
		6B0E64607A393EBFD5BD41AC /* Frameworks */ = {
			isa = PBXGroup;
			children = (
				CB4A77E1A311C4128C89E462 /* libPods-collectionview.a */,
			);
			name = Frameworks;
			sourceTree = "<group>";
		};
/* End PBXGroup section */

/* Begin PBXNativeTarget section */
		6550ED212324998800E975D6 /* collectionview */ = {
			isa = PBXNativeTarget;
			buildConfigurationList = 6550ED4E2324998900E975D6 /* Build configuration list for PBXNativeTarget "collectionview" */;
			buildPhases = (
				86CF7DF19D33FEC01FF25243 /* [CP] Check Pods Manifest.lock */,
				6550ED1E2324998800E975D6 /* Sources */,
				6550ED1F2324998800E975D6 /* Frameworks */,
				6550ED202324998800E975D6 /* Resources */,
				1BBFFA369EBE350BE8536A2E /* [CP] Copy Pods Resources */,
			);
			buildRules = (
			);
			dependencies = (
			);
			name = collectionview;
			productName = collectionview;
			productReference = 6550ED222324998800E975D6 /* collectionview.app */;
			productType = "com.apple.product-type.application";
		};
		6550ED392324998900E975D6 /* collectionviewTests */ = {
			isa = PBXNativeTarget;
			buildConfigurationList = 6550ED512324998900E975D6 /* Build configuration list for PBXNativeTarget "collectionviewTests" */;
			buildPhases = (
				6550ED362324998900E975D6 /* Sources */,
				6550ED372324998900E975D6 /* Frameworks */,
				6550ED382324998900E975D6 /* Resources */,
			);
			buildRules = (
			);
			dependencies = (
				6550ED3C2324998900E975D6 /* PBXTargetDependency */,
			);
			name = collectionviewTests;
			productName = collectionviewTests;
			productReference = 6550ED3A2324998900E975D6 /* collectionviewTests.xctest */;
			productType = "com.apple.product-type.bundle.unit-test";
		};
		6550ED442324998900E975D6 /* collectionviewUITests */ = {
			isa = PBXNativeTarget;
			buildConfigurationList = 6550ED542324998900E975D6 /* Build configuration list for PBXNativeTarget "collectionviewUITests" */;
			buildPhases = (
				6550ED412324998900E975D6 /* Sources */,
				6550ED422324998900E975D6 /* Frameworks */,
				6550ED432324998900E975D6 /* Resources */,
			);
			buildRules = (
			);
			dependencies = (
				6550ED472324998900E975D6 /* PBXTargetDependency */,
			);
			name = collectionviewUITests;
			productName = collectionviewUITests;
			productReference = 6550ED452324998900E975D6 /* collectionviewUITests.xctest */;
			productType = "com.apple.product-type.bundle.ui-testing";
		};
/* End PBXNativeTarget section */

/* Begin PBXProject section */
		6550ED1A2324998800E975D6 /* Project object */ = {
			isa = PBXProject;
			attributes = {
				LastUpgradeCheck = 1030;
				ORGANIZATIONNAME = bytedance;
				TargetAttributes = {
					6550ED212324998800E975D6 = {
						CreatedOnToolsVersion = 10.3;
					};
					6550ED392324998900E975D6 = {
						CreatedOnToolsVersion = 10.3;
						TestTargetID = 6550ED212324998800E975D6;
					};
					6550ED442324998900E975D6 = {
						CreatedOnToolsVersion = 10.3;
						TestTargetID = 6550ED212324998800E975D6;
					};
				};
			};
			buildConfigurationList = 6550ED1D2324998800E975D6 /* Build configuration list for PBXProject "collectionview" */;
			compatibilityVersion = "Xcode 9.3";
			developmentRegion = en;
			hasScannedForEncodings = 0;
			knownRegions = (
				en,
				Base,
			);
			mainGroup = 6550ED192324998800E975D6;
			productRefGroup = 6550ED232324998800E975D6 /* Products */;
			projectDirPath = "";
			projectRoot = "";
			targets = (
				6550ED212324998800E975D6 /* collectionview */,
				6550ED392324998900E975D6 /* collectionviewTests */,
				6550ED442324998900E975D6 /* collectionviewUITests */,
			);
		};
/* End PBXProject section */

/* Begin PBXResourcesBuildPhase section */
		6550ED202324998800E975D6 /* Resources */ = {
			isa = PBXResourcesBuildPhase;
			buildActionMask = 2147483647;
			files = (
				6550ED5823249A2400E975D6 /* 001.jpg in Resources */,
				6550ED322324998800E975D6 /* LaunchScreen.storyboard in Resources */,
				6550ED2F2324998800E975D6 /* Assets.xcassets in Resources */,
				6550ED5A2324ABB400E975D6 /* apps.plist in Resources */,
				6550ED2D2324998800E975D6 /* Main.storyboard in Resources */,
			);
			runOnlyForDeploymentPostprocessing = 0;
		};
		6550ED382324998900E975D6 /* Resources */ = {
			isa = PBXResourcesBuildPhase;
			buildActionMask = 2147483647;
			files = (
			);
			runOnlyForDeploymentPostprocessing = 0;
		};
		6550ED432324998900E975D6 /* Resources */ = {
			isa = PBXResourcesBuildPhase;
			buildActionMask = 2147483647;
			files = (
			);
			runOnlyForDeploymentPostprocessing = 0;
		};
/* End PBXResourcesBuildPhase section */

/* Begin PBXShellScriptBuildPhase section */
		1BBFFA369EBE350BE8536A2E /* [CP] Copy Pods Resources */ = {
			isa = PBXShellScriptBuildPhase;
			buildActionMask = 2147483647;
			files = (
			);
			inputFileListPaths = (
			);
			inputPaths = (
				"${PODS_ROOT}/Target Support Files/Pods-collectionview/Pods-collectionview-resources.sh",
				"${PODS_ROOT}/MJRefresh/MJRefresh/MJRefresh.bundle",
			);
			name = "[CP] Copy Pods Resources";
			outputFileListPaths = (
			);
			outputPaths = (
				"${TARGET_BUILD_DIR}/${UNLOCALIZED_RESOURCES_FOLDER_PATH}/MJRefresh.bundle",
			);
			runOnlyForDeploymentPostprocessing = 0;
			shellPath = /bin/sh;
			shellScript = "\"${PODS_ROOT}/Target Support Files/Pods-collectionview/Pods-collectionview-resources.sh\"\n";
			showEnvVarsInLog = 0;
		};
		86CF7DF19D33FEC01FF25243 /* [CP] Check Pods Manifest.lock */ = {
			isa = PBXShellScriptBuildPhase;
			buildActionMask = 2147483647;
			files = (
			);
			inputFileListPaths = (
			);
			inputPaths = (
				"${PODS_PODFILE_DIR_PATH}/Podfile.lock",
				"${PODS_ROOT}/Manifest.lock",
			);
			name = "[CP] Check Pods Manifest.lock";
			outputFileListPaths = (
			);
			outputPaths = (
				"$(DERIVED_FILE_DIR)/Pods-collectionview-checkManifestLockResult.txt",
			);
			runOnlyForDeploymentPostprocessing = 0;
			shellPath = /bin/sh;
			shellScript = "diff \"${PODS_PODFILE_DIR_PATH}/Podfile.lock\" \"${PODS_ROOT}/Manifest.lock\" > /dev/null\nif [ $? != 0 ] ; then\n    # print error to STDERR\n    echo \"error: The sandbox is not in sync with the Podfile.lock. Run 'pod install' or update your CocoaPods installation.\" >&2\n    exit 1\nfi\n# This output is used by Xcode 'outputs' to avoid re-running this script phase.\necho \"SUCCESS\" > \"${SCRIPT_OUTPUT_FILE_0}\"\n";
			showEnvVarsInLog = 0;
		};
/* End PBXShellScriptBuildPhase section */

/* Begin PBXSourcesBuildPhase section */
		6550ED1E2324998800E975D6 /* Sources */ = {
			isa = PBXSourcesBuildPhase;
			buildActionMask = 2147483647;
			files = (
				6550ED2A2324998800E975D6 /* ViewController.m in Sources */,
				6550ED352324998800E975D6 /* main.m in Sources */,
				6550ED272324998800E975D6 /* AppDelegate.m in Sources */,
				6550ED5D2324ACF200E975D6 /* Model.m in Sources */,
				6550ED762324DC0300E975D6 /* MyCollectionViewCell.m in Sources */,
			);
			runOnlyForDeploymentPostprocessing = 0;
		};
		6550ED362324998900E975D6 /* Sources */ = {
			isa = PBXSourcesBuildPhase;
			buildActionMask = 2147483647;
			files = (
				6550ED3F2324998900E975D6 /* collectionviewTests.m in Sources */,
			);
			runOnlyForDeploymentPostprocessing = 0;
		};
		6550ED412324998900E975D6 /* Sources */ = {
			isa = PBXSourcesBuildPhase;
			buildActionMask = 2147483647;
			files = (
				6550ED4A2324998900E975D6 /* collectionviewUITests.m in Sources */,
			);
			runOnlyForDeploymentPostprocessing = 0;
		};
/* End PBXSourcesBuildPhase section */

/* Begin PBXTargetDependency section */
		6550ED3C2324998900E975D6 /* PBXTargetDependency */ = {
			isa = PBXTargetDependency;
			target = 6550ED212324998800E975D6 /* collectionview */;
			targetProxy = 6550ED3B2324998900E975D6 /* PBXContainerItemProxy */;
		};
		6550ED472324998900E975D6 /* PBXTargetDependency */ = {
			isa = PBXTargetDependency;
			target = 6550ED212324998800E975D6 /* collectionview */;
			targetProxy = 6550ED462324998900E975D6 /* PBXContainerItemProxy */;
		};
/* End PBXTargetDependency section */

/* Begin PBXVariantGroup section */
		6550ED2B2324998800E975D6 /* Main.storyboard */ = {
			isa = PBXVariantGroup;
			children = (
				6550ED2C2324998800E975D6 /* Base */,
			);
			name = Main.storyboard;
			sourceTree = "<group>";
		};
		6550ED302324998800E975D6 /* LaunchScreen.storyboard */ = {
			isa = PBXVariantGroup;
			children = (
				6550ED312324998800E975D6 /* Base */,
			);
			name = LaunchScreen.storyboard;
			sourceTree = "<group>";
		};
/* End PBXVariantGroup section */

/* Begin XCBuildConfiguration section */
		6550ED4C2324998900E975D6 /* Debug */ = {
			isa = XCBuildConfiguration;
			buildSettings = {
				ALWAYS_SEARCH_USER_PATHS = NO;
				CLANG_ANALYZER_NONNULL = YES;
				CLANG_ANALYZER_NUMBER_OBJECT_CONVERSION = YES_AGGRESSIVE;
				CLANG_CXX_LANGUAGE_STANDARD = "gnu++14";
				CLANG_CXX_LIBRARY = "libc++";
				CLANG_ENABLE_MODULES = YES;
				CLANG_ENABLE_OBJC_ARC = YES;
				CLANG_ENABLE_OBJC_WEAK = YES;
				CLANG_WARN_BLOCK_CAPTURE_AUTORELEASING = YES;
				CLANG_WARN_BOOL_CONVERSION = YES;
				CLANG_WARN_COMMA = YES;
				CLANG_WARN_CONSTANT_CONVERSION = YES;
				CLANG_WARN_DEPRECATED_OBJC_IMPLEMENTATIONS = YES;
				CLANG_WARN_DIRECT_OBJC_ISA_USAGE = YES_ERROR;
				CLANG_WARN_DOCUMENTATION_COMMENTS = YES;
				CLANG_WARN_EMPTY_BODY = YES;
				CLANG_WARN_ENUM_CONVERSION = YES;
				CLANG_WARN_INFINITE_RECURSION = YES;
				CLANG_WARN_INT_CONVERSION = YES;
				CLANG_WARN_NON_LITERAL_NULL_CONVERSION = YES;
				CLANG_WARN_OBJC_IMPLICIT_RETAIN_SELF = YES;
				CLANG_WARN_OBJC_LITERAL_CONVERSION = YES;
				CLANG_WARN_OBJC_ROOT_CLASS = YES_ERROR;
				CLANG_WARN_RANGE_LOOP_ANALYSIS = YES;
				CLANG_WARN_STRICT_PROTOTYPES = YES;
				CLANG_WARN_SUSPICIOUS_MOVE = YES;
				CLANG_WARN_UNGUARDED_AVAILABILITY = YES_AGGRESSIVE;
				CLANG_WARN_UNREACHABLE_CODE = YES;
				CLANG_WARN__DUPLICATE_METHOD_MATCH = YES;
				CODE_SIGN_IDENTITY = "iPhone Developer";
				COPY_PHASE_STRIP = NO;
				DEBUG_INFORMATION_FORMAT = dwarf;
				ENABLE_STRICT_OBJC_MSGSEND = YES;
				ENABLE_TESTABILITY = YES;
				GCC_C_LANGUAGE_STANDARD = gnu11;
				GCC_DYNAMIC_NO_PIC = NO;
				GCC_NO_COMMON_BLOCKS = YES;
				GCC_OPTIMIZATION_LEVEL = 0;
				GCC_PREPROCESSOR_DEFINITIONS = (
					"DEBUG=1",
					"$(inherited)",
				);
				GCC_WARN_64_TO_32_BIT_CONVERSION = YES;
				GCC_WARN_ABOUT_RETURN_TYPE = YES_ERROR;
				GCC_WARN_UNDECLARED_SELECTOR = YES;
				GCC_WARN_UNINITIALIZED_AUTOS = YES_AGGRESSIVE;
				GCC_WARN_UNUSED_FUNCTION = YES;
				GCC_WARN_UNUSED_VARIABLE = YES;
				IPHONEOS_DEPLOYMENT_TARGET = 12.4;
				MTL_ENABLE_DEBUG_INFO = INCLUDE_SOURCE;
				MTL_FAST_MATH = YES;
				ONLY_ACTIVE_ARCH = YES;
				SDKROOT = iphoneos;
			};
			name = Debug;
		};
		6550ED4D2324998900E975D6 /* Release */ = {
			isa = XCBuildConfiguration;
			buildSettings = {
				ALWAYS_SEARCH_USER_PATHS = NO;
				CLANG_ANALYZER_NONNULL = YES;
				CLANG_ANALYZER_NUMBER_OBJECT_CONVERSION = YES_AGGRESSIVE;
				CLANG_CXX_LANGUAGE_STANDARD = "gnu++14";
				CLANG_CXX_LIBRARY = "libc++";
				CLANG_ENABLE_MODULES = YES;
				CLANG_ENABLE_OBJC_ARC = YES;
				CLANG_ENABLE_OBJC_WEAK = YES;
				CLANG_WARN_BLOCK_CAPTURE_AUTORELEASING = YES;
				CLANG_WARN_BOOL_CONVERSION = YES;
				CLANG_WARN_COMMA = YES;
				CLANG_WARN_CONSTANT_CONVERSION = YES;
				CLANG_WARN_DEPRECATED_OBJC_IMPLEMENTATIONS = YES;
				CLANG_WARN_DIRECT_OBJC_ISA_USAGE = YES_ERROR;
				CLANG_WARN_DOCUMENTATION_COMMENTS = YES;
				CLANG_WARN_EMPTY_BODY = YES;
				CLANG_WARN_ENUM_CONVERSION = YES;
				CLANG_WARN_INFINITE_RECURSION = YES;
				CLANG_WARN_INT_CONVERSION = YES;
				CLANG_WARN_NON_LITERAL_NULL_CONVERSION = YES;
				CLANG_WARN_OBJC_IMPLICIT_RETAIN_SELF = YES;
				CLANG_WARN_OBJC_LITERAL_CONVERSION = YES;
				CLANG_WARN_OBJC_ROOT_CLASS = YES_ERROR;
				CLANG_WARN_RANGE_LOOP_ANALYSIS = YES;
				CLANG_WARN_STRICT_PROTOTYPES = YES;
				CLANG_WARN_SUSPICIOUS_MOVE = YES;
				CLANG_WARN_UNGUARDED_AVAILABILITY = YES_AGGRESSIVE;
				CLANG_WARN_UNREACHABLE_CODE = YES;
				CLANG_WARN__DUPLICATE_METHOD_MATCH = YES;
				CODE_SIGN_IDENTITY = "iPhone Developer";
				COPY_PHASE_STRIP = NO;
				DEBUG_INFORMATION_FORMAT = "dwarf-with-dsym";
				ENABLE_NS_ASSERTIONS = NO;
				ENABLE_STRICT_OBJC_MSGSEND = YES;
				GCC_C_LANGUAGE_STANDARD = gnu11;
				GCC_NO_COMMON_BLOCKS = YES;
				GCC_WARN_64_TO_32_BIT_CONVERSION = YES;
				GCC_WARN_ABOUT_RETURN_TYPE = YES_ERROR;
				GCC_WARN_UNDECLARED_SELECTOR = YES;
				GCC_WARN_UNINITIALIZED_AUTOS = YES_AGGRESSIVE;
				GCC_WARN_UNUSED_FUNCTION = YES;
				GCC_WARN_UNUSED_VARIABLE = YES;
				IPHONEOS_DEPLOYMENT_TARGET = 12.4;
				MTL_ENABLE_DEBUG_INFO = NO;
				MTL_FAST_MATH = YES;
				SDKROOT = iphoneos;
				VALIDATE_PRODUCT = YES;
			};
			name = Release;
		};
		6550ED4F2324998900E975D6 /* Debug */ = {
			isa = XCBuildConfiguration;
			baseConfigurationReference = 8A42B9C393D1A862D0C18C30 /* Pods-collectionview.debug.xcconfig */;
			buildSettings = {
				ASSETCATALOG_COMPILER_APPICON_NAME = AppIcon;
				CODE_SIGN_STYLE = Automatic;
				INFOPLIST_FILE = collectionview/Info.plist;
				LD_RUNPATH_SEARCH_PATHS = (
					"$(inherited)",
					"@executable_path/Frameworks",
				);
				PRODUCT_BUNDLE_IDENTIFIER = linwei.collectionview;
				PRODUCT_NAME = "$(TARGET_NAME)";
				TARGETED_DEVICE_FAMILY = "1,2";
			};
			name = Debug;
		};
		6550ED502324998900E975D6 /* Release */ = {
			isa = XCBuildConfiguration;
			baseConfigurationReference = B1C7F4495D3AD9B954654BBA /* Pods-collectionview.release.xcconfig */;
			buildSettings = {
				ASSETCATALOG_COMPILER_APPICON_NAME = AppIcon;
				CODE_SIGN_STYLE = Automatic;
				INFOPLIST_FILE = collectionview/Info.plist;
				LD_RUNPATH_SEARCH_PATHS = (
					"$(inherited)",
					"@executable_path/Frameworks",
				);
				PRODUCT_BUNDLE_IDENTIFIER = linwei.collectionview;
				PRODUCT_NAME = "$(TARGET_NAME)";
				TARGETED_DEVICE_FAMILY = "1,2";
			};
			name = Release;
		};
		6550ED522324998900E975D6 /* Debug */ = {
			isa = XCBuildConfiguration;
			buildSettings = {
				BUNDLE_LOADER = "$(TEST_HOST)";
				CODE_SIGN_STYLE = Automatic;
				INFOPLIST_FILE = collectionviewTests/Info.plist;
				LD_RUNPATH_SEARCH_PATHS = (
					"$(inherited)",
					"@executable_path/Frameworks",
					"@loader_path/Frameworks",
				);
				PRODUCT_BUNDLE_IDENTIFIER = linwei.collectionviewTests;
				PRODUCT_NAME = "$(TARGET_NAME)";
				TARGETED_DEVICE_FAMILY = "1,2";
				TEST_HOST = "$(BUILT_PRODUCTS_DIR)/collectionview.app/collectionview";
			};
			name = Debug;
		};
		6550ED532324998900E975D6 /* Release */ = {
			isa = XCBuildConfiguration;
			buildSettings = {
				BUNDLE_LOADER = "$(TEST_HOST)";
				CODE_SIGN_STYLE = Automatic;
				INFOPLIST_FILE = collectionviewTests/Info.plist;
				LD_RUNPATH_SEARCH_PATHS = (
					"$(inherited)",
					"@executable_path/Frameworks",
					"@loader_path/Frameworks",
				);
				PRODUCT_BUNDLE_IDENTIFIER = linwei.collectionviewTests;
				PRODUCT_NAME = "$(TARGET_NAME)";
				TARGETED_DEVICE_FAMILY = "1,2";
				TEST_HOST = "$(BUILT_PRODUCTS_DIR)/collectionview.app/collectionview";
			};
			name = Release;
		};
		6550ED552324998900E975D6 /* Debug */ = {
			isa = XCBuildConfiguration;
			buildSettings = {
				CODE_SIGN_STYLE = Automatic;
				INFOPLIST_FILE = collectionviewUITests/Info.plist;
				LD_RUNPATH_SEARCH_PATHS = (
					"$(inherited)",
					"@executable_path/Frameworks",
					"@loader_path/Frameworks",
				);
				PRODUCT_BUNDLE_IDENTIFIER = linwei.collectionviewUITests;
				PRODUCT_NAME = "$(TARGET_NAME)";
				TARGETED_DEVICE_FAMILY = "1,2";
				TEST_TARGET_NAME = collectionview;
			};
			name = Debug;
		};
		6550ED562324998900E975D6 /* Release */ = {
			isa = XCBuildConfiguration;
			buildSettings = {
				CODE_SIGN_STYLE = Automatic;
				INFOPLIST_FILE = collectionviewUITests/Info.plist;
				LD_RUNPATH_SEARCH_PATHS = (
					"$(inherited)",
					"@executable_path/Frameworks",
					"@loader_path/Frameworks",
				);
				PRODUCT_BUNDLE_IDENTIFIER = linwei.collectionviewUITests;
				PRODUCT_NAME = "$(TARGET_NAME)";
				TARGETED_DEVICE_FAMILY = "1,2";
				TEST_TARGET_NAME = collectionview;
			};
			name = Release;
		};
/* End XCBuildConfiguration section */

/* Begin XCConfigurationList section */
		6550ED1D2324998800E975D6 /* Build configuration list for PBXProject "collectionview" */ = {
			isa = XCConfigurationList;
			buildConfigurations = (
				6550ED4C2324998900E975D6 /* Debug */,
				6550ED4D2324998900E975D6 /* Release */,
			);
			defaultConfigurationIsVisible = 0;
			defaultConfigurationName = Release;
		};
		6550ED4E2324998900E975D6 /* Build configuration list for PBXNativeTarget "collectionview" */ = {
			isa = XCConfigurationList;
			buildConfigurations = (
				6550ED4F2324998900E975D6 /* Debug */,
				6550ED502324998900E975D6 /* Release */,
			);
			defaultConfigurationIsVisible = 0;
			defaultConfigurationName = Release;
		};
		6550ED512324998900E975D6 /* Build configuration list for PBXNativeTarget "collectionviewTests" */ = {
			isa = XCConfigurationList;
			buildConfigurations = (
				6550ED522324998900E975D6 /* Debug */,
				6550ED532324998900E975D6 /* Release */,
			);
			defaultConfigurationIsVisible = 0;
			defaultConfigurationName = Release;
		};
		6550ED542324998900E975D6 /* Build configuration list for PBXNativeTarget "collectionviewUITests" */ = {
			isa = XCConfigurationList;
			buildConfigurations = (
				6550ED552324998900E975D6 /* Debug */,
				6550ED562324998900E975D6 /* Release */,
			);
			defaultConfigurationIsVisible = 0;
			defaultConfigurationName = Release;
		};
/* End XCConfigurationList section */
	};
	rootObject = 6550ED1A2324998800E975D6 /* Project object */;
}
